
Microsoft Visual Studio Solution File, Format Version 12.00
Project("{FAE04EC0-301F-11D3-BF4B-00C04F79EFBC}") = "UrlShortener.Web", "UrlShortener.Web\UrlShortener.Web.csproj", "{B202BEF8-0202-4686-8A35-B613E51263AA}"
EndProject
Global
	GlobalSection(SolutionConfigurationPlatforms) = preSolution
		Debug|Any CPU = Debug|Any CPU
		Release|Any CPU = Release|Any CPU
	EndGlobalSection
	GlobalSection(ProjectConfigurationPlatforms) = postSolution
		{B202BEF8-0202-4686-8A35-B613E51263AA}.Debug|Any CPU.ActiveCfg = Debug|Any CPU
		{B202BEF8-0202-4686-8A35-B613E51263AA}.Debug|Any CPU.Build.0 = Debug|Any CPU
		{B202BEF8-0202-4686-8A35-B613E51263AA}.Release|Any CPU.ActiveCfg = Release|Any CPU
		{B202BEF8-0202-4686-8A35-B613E51263AA}.Release|Any CPU.Build.0 = Release|Any CPU
	EndGlobalSection
EndGlobal
